// !$*UTF8*$!
{
	archiveVersion = 1;
	classes = {
	};
	objectVersion = 46;
	objects = {

/* Begin PBXBuildFile section */
		9DFA76E915CA92710079E5B7 /* UIKit.framework in Frameworks */ = {isa = PBXBuildFile; fileRef = 9DFA76E815CA92710079E5B7 /* UIKit.framework */; };
		9DFA76EB15CA92710079E5B7 /* Foundation.framework in Frameworks */ = {isa = PBXBuildFile; fileRef = 9DFA76EA15CA92710079E5B7 /* Foundation.framework */; };
		9DFA76ED15CA92710079E5B7 /* CoreGraphics.framework in Frameworks */ = {isa = PBXBuildFile; fileRef = 9DFA76EC15CA92710079E5B7 /* CoreGraphics.framework */; };
		9DFA76F315CA92710079E5B7 /* InfoPlist.strings in Resources */ = {isa = PBXBuildFile; fileRef = 9DFA76F115CA92710079E5B7 /* InfoPlist.strings */; };
		9DFA76F515CA92710079E5B7 /* main.m in Sources */ = {isa = PBXBuildFile; fileRef = 9DFA76F415CA92710079E5B7 /* main.m */; };
		9DFA76F915CA92710079E5B7 /* AppDelegate.m in Sources */ = {isa = PBXBuildFile; fileRef = 9DFA76F815CA92710079E5B7 /* AppDelegate.m */; };
		9DFA76FC15CA92710079E5B7 /* ViewController.m in Sources */ = {isa = PBXBuildFile; fileRef = 9DFA76FB15CA92710079E5B7 /* ViewController.m */; };
		9DFA770F15CA99D20079E5B7 /* UnderLineLabel.m in Sources */ = {isa = PBXBuildFile; fileRef = 9DFA770E15CA99D20079E5B7 /* UnderLineLabel.m */; };
/* End PBXBuildFile section */

/* Begin PBXFileReference section */
		9DFA76E415CA92710079E5B7 /* UnderLabelTestProject.app */ = {isa = PBXFileReference; explicitFileType = wrapper.application; includeInIndex = 0; path = UnderLabelTestProject.app; sourceTree = BUILT_PRODUCTS_DIR; };
		9DFA76E815CA92710079E5B7 /* UIKit.framework */ = {isa = PBXFileReference; lastKnownFileType = wrapper.framework; name = UIKit.framework; path = System/Library/Frameworks/UIKit.framework; sourceTree = SDKROOT; };
		9DFA76EA15CA92710079E5B7 /* Foundation.framework */ = {isa = PBXFileReference; lastKnownFileType = wrapper.framework; name = Foundation.framework; path = System/Library/Frameworks/Foundation.framework; sourceTree = SDKROOT; };
		9DFA76EC15CA92710079E5B7 /* CoreGraphics.framework */ = {isa = PBXFileReference; lastKnownFileType = wrapper.framework; name = CoreGraphics.framework; path = System/Library/Frameworks/CoreGraphics.framework; sourceTree = SDKROOT; };
		9DFA76F015CA92710079E5B7 /* UnderLabelTestProject-Info.plist */ = {isa = PBXFileReference; lastKnownFileType = text.plist.xml; path = "UnderLabelTestProject-Info.plist"; sourceTree = "<group>"; };
		9DFA76F215CA92710079E5B7 /* en */ = {isa = PBXFileReference; lastKnownFileType = text.plist.strings; name = en; path = en.lproj/InfoPlist.strings; sourceTree = "<group>"; };
		9DFA76F415CA92710079E5B7 /* main.m */ = {isa = PBXFileReference; lastKnownFileType = sourcecode.c.objc; path = main.m; sourceTree = "<group>"; };
		9DFA76F615CA92710079E5B7 /* UnderLabelTestProject-Prefix.pch */ = {isa = PBXFileReference; lastKnownFileType = sourcecode.c.h; path = "UnderLabelTestProject-Prefix.pch"; sourceTree = "<group>"; };
		9DFA76F715CA92710079E5B7 /* AppDelegate.h */ = {isa = PBXFileReference; lastKnownFileType = sourcecode.c.h; path = AppDelegate.h; sourceTree = "<group>"; };
		9DFA76F815CA92710079E5B7 /* AppDelegate.m */ = {isa = PBXFileReference; lastKnownFileType = sourcecode.c.objc; path = AppDelegate.m; sourceTree = "<group>"; };
		9DFA76FA15CA92710079E5B7 /* ViewController.h */ = {isa = PBXFileReference; lastKnownFileType = sourcecode.c.h; path = ViewController.h; sourceTree = "<group>"; };
		9DFA76FB15CA92710079E5B7 /* ViewController.m */ = {isa = PBXFileReference; lastKnownFileType = sourcecode.c.objc; path = ViewController.m; sourceTree = "<group>"; };
		9DFA770D15CA99D20079E5B7 /* UnderLineLabel.h */ = {isa = PBXFileReference; fileEncoding = 4; lastKnownFileType = sourcecode.c.h; path = UnderLineLabel.h; sourceTree = "<group>"; };
		9DFA770E15CA99D20079E5B7 /* UnderLineLabel.m */ = {isa = PBXFileReference; fileEncoding = 4; lastKnownFileType = sourcecode.c.objc; path = UnderLineLabel.m; sourceTree = "<group>"; };
/* End PBXFileReference section */

/* Begin PBXFrameworksBuildPhase section */
		9DFA76E115CA92710079E5B7 /* Frameworks */ = {
			isa = PBXFrameworksBuildPhase;
			buildActionMask = 2147483647;
			files = (
				9DFA76E915CA92710079E5B7 /* UIKit.framework in Frameworks */,
				9DFA76EB15CA92710079E5B7 /* Foundation.framework in Frameworks */,
				9DFA76ED15CA92710079E5B7 /* CoreGraphics.framework in Frameworks */,
			);
			runOnlyForDeploymentPostprocessing = 0;
		};
/* End PBXFrameworksBuildPhase section */

/* Begin PBXGroup section */
		9DFA76D915CA92710079E5B7 = {
			isa = PBXGroup;
			children = (
				9DFA76EE15CA92710079E5B7 /* UnderLabelTestProject */,
				9DFA76E715CA92710079E5B7 /* Frameworks */,
				9DFA76E515CA92710079E5B7 /* Products */,
			);
			sourceTree = "<group>";
		};
		9DFA76E515CA92710079E5B7 /* Products */ = {
			isa = PBXGroup;
			children = (
				9DFA76E415CA92710079E5B7 /* UnderLabelTestProject.app */,
			);
			name = Products;
			sourceTree = "<group>";
		};
		9DFA76E715CA92710079E5B7 /* Frameworks */ = {
			isa = PBXGroup;
			children = (
				9DFA76E815CA92710079E5B7 /* UIKit.framework */,
				9DFA76EA15CA92710079E5B7 /* Foundation.framework */,
				9DFA76EC15CA92710079E5B7 /* CoreGraphics.framework */,
			);
			name = Frameworks;
			sourceTree = "<group>";
		};
		9DFA76EE15CA92710079E5B7 /* UnderLabelTestProject */ = {
			isa = PBXGroup;
			children = (
				9DFA770C15CA99D20079E5B7 /* UnderLineLabel */,
				9DFA76F715CA92710079E5B7 /* AppDelegate.h */,
				9DFA76F815CA92710079E5B7 /* AppDelegate.m */,
				9DFA76FA15CA92710079E5B7 /* ViewController.h */,
				9DFA76FB15CA92710079E5B7 /* ViewController.m */,
				9DFA76EF15CA92710079E5B7 /* Supporting Files */,
			);
			path = UnderLabelTestProject;
			sourceTree = "<group>";
		};
		9DFA76EF15CA92710079E5B7 /* Supporting Files */ = {
			isa = PBXGroup;
			children = (
				9DFA76F015CA92710079E5B7 /* UnderLabelTestProject-Info.plist */,
				9DFA76F115CA92710079E5B7 /* InfoPlist.strings */,
				9DFA76F415CA92710079E5B7 /* main.m */,
				9DFA76F615CA92710079E5B7 /* UnderLabelTestProject-Prefix.pch */,
			);
			name = "Supporting Files";
			sourceTree = "<group>";
		};
		9DFA770C15CA99D20079E5B7 /* UnderLineLabel */ = {
			isa = PBXGroup;
			children = (
				9DFA770D15CA99D20079E5B7 /* UnderLineLabel.h */,
				9DFA770E15CA99D20079E5B7 /* UnderLineLabel.m */,
			);
			name = UnderLineLabel;
			path = ../../UnderLineLabel;
			sourceTree = "<group>";
		};
/* End PBXGroup section */

/* Begin PBXNativeTarget section */
		9DFA76E315CA92710079E5B7 /* UnderLabelTestProject */ = {
			isa = PBXNativeTarget;
			buildConfigurationList = 9DFA770515CA92710079E5B7 /* Build configuration list for PBXNativeTarget "UnderLabelTestProject" */;
			buildPhases = (
				9DFA76E015CA92710079E5B7 /* Sources */,
				9DFA76E115CA92710079E5B7 /* Frameworks */,
				9DFA76E215CA92710079E5B7 /* Resources */,
			);
			buildRules = (
			);
			dependencies = (
			);
			name = UnderLabelTestProject;
			productName = UnderLabelTestProject;
			productReference = 9DFA76E415CA92710079E5B7 /* UnderLabelTestProject.app */;
			productType = "com.apple.product-type.application";
		};
/* End PBXNativeTarget section */

/* Begin PBXProject section */
		9DFA76DB15CA92710079E5B7 /* Project object */ = {
			isa = PBXProject;
			attributes = {
				LastUpgradeCheck = 0420;
			};
			buildConfigurationList = 9DFA76DE15CA92710079E5B7 /* Build configuration list for PBXProject "UnderLabelTestProject" */;
			compatibilityVersion = "Xcode 3.2";
			developmentRegion = English;
			hasScannedForEncodings = 0;
			knownRegions = (
				en,
			);
			mainGroup = 9DFA76D915CA92710079E5B7;
			productRefGroup = 9DFA76E515CA92710079E5B7 /* Products */;
			projectDirPath = "";
			projectRoot = "";
			targets = (
				9DFA76E315CA92710079E5B7 /* UnderLabelTestProject */,
			);
		};
/* End PBXProject section */

/* Begin PBXResourcesBuildPhase section */
		9DFA76E215CA92710079E5B7 /* Resources */ = {
			isa = PBXResourcesBuildPhase;
			buildActionMask = 2147483647;
			files = (
				9DFA76F315CA92710079E5B7 /* InfoPlist.strings in Resources */,
			);
			runOnlyForDeploymentPostprocessing = 0;
		};
/* End PBXResourcesBuildPhase section */

/* Begin PBXSourcesBuildPhase section */
		9DFA76E015CA92710079E5B7 /* Sources */ = {
			isa = PBXSourcesBuildPhase;
			buildActionMask = 2147483647;
			files = (
				9DFA76F515CA92710079E5B7 /* main.m in Sources */,
				9DFA76F915CA92710079E5B7 /* AppDelegate.m in Sources */,
				9DFA76FC15CA92710079E5B7 /* ViewController.m in Sources */,
				9DFA770F15CA99D20079E5B7 /* UnderLineLabel.m in Sources */,
			);
			runOnlyForDeploymentPostprocessing = 0;
		};
/* End PBXSourcesBuildPhase section */

/* Begin PBXVariantGroup section */
		9DFA76F115CA92710079E5B7 /* InfoPlist.strings */ = {
			isa = PBXVariantGroup;
			children = (
				9DFA76F215CA92710079E5B7 /* en */,
			);
			name = InfoPlist.strings;
			sourceTree = "<group>";
		};
/* End PBXVariantGroup section */

/* Begin XCBuildConfiguration section */
		9DFA770315CA92710079E5B7 /* Debug */ = {
			isa = XCBuildConfiguration;
			buildSettings = {
				ALWAYS_SEARCH_USER_PATHS = NO;
				ARCHS = "$(ARCHS_STANDARD_32_BIT)";
				"CODE_SIGN_IDENTITY[sdk=iphoneos*]" = "iPhone Developer";
				COPY_PHASE_STRIP = NO;
				GCC_C_LANGUAGE_STANDARD = gnu99;
				GCC_DYNAMIC_NO_PIC = NO;
				GCC_OPTIMIZATION_LEVEL = 0;
				GCC_PREPROCESSOR_DEFINITIONS = (
					"DEBUG=1",
					"$(inherited)",
				);
				GCC_SYMBOLS_PRIVATE_EXTERN = NO;
				GCC_VERSION = com.apple.compilers.llvm.clang.1_0;
				GCC_WARN_ABOUT_MISSING_PROTOTYPES = YES;
				GCC_WARN_ABOUT_RETURN_TYPE = YES;
				GCC_WARN_UNUSED_VARIABLE = YES;
				IPHONEOS_DEPLOYMENT_TARGET = 5.0;
				SDKROOT = iphoneos;
				TARGETED_DEVICE_FAMILY = "1,2";
			};
			name = Debug;
		};
		9DFA770415CA92710079E5B7 /* Release */ = {
			isa = XCBuildConfiguration;
			buildSettings = {
				ALWAYS_SEARCH_USER_PATHS = NO;
				ARCHS = "$(ARCHS_STANDARD_32_BIT)";
				"CODE_SIGN_IDENTITY[sdk=iphoneos*]" = "iPhone Developer";
				COPY_PHASE_STRIP = YES;
				GCC_C_LANGUAGE_STANDARD = gnu99;
				GCC_VERSION = com.apple.compilers.llvm.clang.1_0;
				GCC_WARN_ABOUT_MISSING_PROTOTYPES = YES;
				GCC_WARN_ABOUT_RETURN_TYPE = YES;
				GCC_WARN_UNUSED_VARIABLE = YES;
				IPHONEOS_DEPLOYMENT_TARGET = 5.0;
				OTHER_CFLAGS = "-DNS_BLOCK_ASSERTIONS=1";
				SDKROOT = iphoneos;
				TARGETED_DEVICE_FAMILY = "1,2";
				VALIDATE_PRODUCT = YES;
			};
			name = Release;
		};
		9DFA770615CA92710079E5B7 /* Debug */ = {
			isa = XCBuildConfiguration;
			buildSettings = {
				GCC_PRECOMPILE_PREFIX_HEADER = YES;
				GCC_PREFIX_HEADER = "UnderLabelTestProject/UnderLabelTestProject-Prefix.pch";
				INFOPLIST_FILE = "UnderLabelTestProject/UnderLabelTestProject-Info.plist";
				PRODUCT_NAME = "$(TARGET_NAME)";
				TARGETED_DEVICE_FAMILY = 1;
				WRAPPER_EXTENSION = app;
			};
			name = Debug;
		};
		9DFA770715CA92710079E5B7 /* Release */ = {
			isa = XCBuildConfiguration;
			buildSettings = {
				GCC_PRECOMPILE_PREFIX_HEADER = YES;
				GCC_PREFIX_HEADER = "UnderLabelTestProject/UnderLabelTestProject-Prefix.pch";
				INFOPLIST_FILE = "UnderLabelTestProject/UnderLabelTestProject-Info.plist";
				PRODUCT_NAME = "$(TARGET_NAME)";
				TARGETED_DEVICE_FAMILY = 1;
				WRAPPER_EXTENSION = app;
			};
			name = Release;
		};
/* End XCBuildConfiguration section */

/* Begin XCConfigurationList section */
		9DFA76DE15CA92710079E5B7 /* Build configuration list for PBXProject "UnderLabelTestProject" */ = {
			isa = XCConfigurationList;
			buildConfigurations = (
				9DFA770315CA92710079E5B7 /* Debug */,
				9DFA770415CA92710079E5B7 /* Release */,
			);
			defaultConfigurationIsVisible = 0;
			defaultConfigurationName = Release;
		};
		9DFA770515CA92710079E5B7 /* Build configuration list for PBXNativeTarget "UnderLabelTestProject" */ = {
			isa = XCConfigurationList;
			buildConfigurations = (
				9DFA770615CA92710079E5B7 /* Debug */,
				9DFA770715CA92710079E5B7 /* Release */,
			);
			defaultConfigurationIsVisible = 0;
		};
/* End XCConfigurationList section */
	};
	rootObject = 9DFA76DB15CA92710079E5B7 /* Project object */;
}
